{
  "name": "mobx-event-bus",
  "version": "1.0.0",
  "lockfileVersion": 1,
  "requires": true,
  "dependencies": {
    "mobx": {
      "version": "3.3.1",
      "resolved": "https://registry.npmjs.org/mobx/-/mobx-3.3.1.tgz",
      "integrity": "sha1-w4/Booeg3aP11Lhe/hE3/t2dzfA=",
      "dev": true
    }
  }
}
